{
  "lockfileVersion": 1,
  "workspaces": {
    "": {
      "name": "message-queue",
      "dependencies": {
        "@aws-sdk/client-ses": "^3.826.0",
        "@aws-sdk/client-sqs": "^3.826.0",
      },
      "devDependencies": {
        "@types/aws-lambda": "^8.10.149",
        "@types/bun": "latest",
        "prettier": "^3.5.3",
      },
      "peerDependencies": {
        "typescript": "^5",
      },
    },
  },
  "packages": {
    "@aws-crypto/sha256-browser": ["@aws-crypto/sha256-browser@5.2.0", "", { "dependencies": { "@aws-crypto/sha256-js": "^5.2.0", "@aws-crypto/supports-web-crypto": "^5.2.0", "@aws-crypto/util": "^5.2.0", "@aws-sdk/types": "^3.222.0", "@aws-sdk/util-locate-window": "^3.0.0", "@smithy/util-utf8": "^2.0.0", "tslib": "^2.6.2" } }, "sha512-AXfN/lGotSQwu6HNcEsIASo7kWXZ5HYWvfOmSNKDsEqC4OashTp8alTmaz+F7TC2L083SFv5RdB+qU3Vs1kZqw=="],

    "@aws-crypto/sha256-js": ["@aws-crypto/sha256-js@5.2.0", "", { "dependencies": { "@aws-crypto/util": "^5.2.0", "@aws-sdk/types": "^3.222.0", "tslib": "^2.6.2" } }, "sha512-FFQQyu7edu4ufvIZ+OadFpHHOt+eSTBaYaki44c+akjg7qZg9oOQeLlk77F6tSYqjDAFClrHJk9tMf0HdVyOvA=="],

    "@aws-crypto/supports-web-crypto": ["@aws-crypto/supports-web-crypto@5.2.0", "", { "dependencies": { "tslib": "^2.6.2" } }, "sha512-iAvUotm021kM33eCdNfwIN//F77/IADDSs58i+MDaOqFrVjZo9bAal0NK7HurRuWLLpF1iLX7gbWrjHjeo+YFg=="],

    "@aws-crypto/util": ["@aws-crypto/util@5.2.0", "", { "dependencies": { "@aws-sdk/types": "^3.222.0", "@smithy/util-utf8": "^2.0.0", "tslib": "^2.6.2" } }, "sha512-4RkU9EsI6ZpBve5fseQlGNUWKMa1RLPQ1dnjnQoe07ldfIzcsGb5hC5W0Dm7u423KWzawlrpbjXBrXCEv9zazQ=="],

    "@aws-sdk/client-ses": ["@aws-sdk/client-ses@3.826.0", "", { "dependencies": { "@aws-crypto/sha256-browser": "5.2.0", "@aws-crypto/sha256-js": "5.2.0", "@aws-sdk/core": "3.826.0", "@aws-sdk/credential-provider-node": "3.826.0", "@aws-sdk/middleware-host-header": "3.821.0", "@aws-sdk/middleware-logger": "3.821.0", "@aws-sdk/middleware-recursion-detection": "3.821.0", "@aws-sdk/middleware-user-agent": "3.826.0", "@aws-sdk/region-config-resolver": "3.821.0", "@aws-sdk/types": "3.821.0", "@aws-sdk/util-endpoints": "3.821.0", "@aws-sdk/util-user-agent-browser": "3.821.0", "@aws-sdk/util-user-agent-node": "3.826.0", "@smithy/config-resolver": "^4.1.4", "@smithy/core": "^3.5.3", "@smithy/fetch-http-handler": "^5.0.4", "@smithy/hash-node": "^4.0.4", "@smithy/invalid-dependency": "^4.0.4", "@smithy/middleware-content-length": "^4.0.4", "@smithy/middleware-endpoint": "^4.1.11", "@smithy/middleware-retry": "^4.1.12", "@smithy/middleware-serde": "^4.0.8", "@smithy/middleware-stack": "^4.0.4", "@smithy/node-config-provider": "^4.1.3", "@smithy/node-http-handler": "^4.0.6", "@smithy/protocol-http": "^5.1.2", "@smithy/smithy-client": "^4.4.3", "@smithy/types": "^4.3.1", "@smithy/url-parser": "^4.0.4", "@smithy/util-base64": "^4.0.0", "@smithy/util-body-length-browser": "^4.0.0", "@smithy/util-body-length-node": "^4.0.0", "@smithy/util-defaults-mode-browser": "^4.0.19", "@smithy/util-defaults-mode-node": "^4.0.19", "@smithy/util-endpoints": "^3.0.6", "@smithy/util-middleware": "^4.0.4", "@smithy/util-retry": "^4.0.5", "@smithy/util-utf8": "^4.0.0", "@smithy/util-waiter": "^4.0.5", "tslib": "^2.6.2" } }, "sha512-rCuj6Fd8pyDA/gZKyI/C4nAHTRT2w1L+DpEecxfQikFJLwUGZ8Nvk3JxRt0XADqDbdOmrgH/cc11kpEjO7sjEw=="],

    "@aws-sdk/client-sqs": ["@aws-sdk/client-sqs@3.826.0", "", { "dependencies": { "@aws-crypto/sha256-browser": "5.2.0", "@aws-crypto/sha256-js": "5.2.0", "@aws-sdk/core": "3.826.0", "@aws-sdk/credential-provider-node": "3.826.0", "@aws-sdk/middleware-host-header": "3.821.0", "@aws-sdk/middleware-logger": "3.821.0", "@aws-sdk/middleware-recursion-detection": "3.821.0", "@aws-sdk/middleware-sdk-sqs": "3.826.0", "@aws-sdk/middleware-user-agent": "3.826.0", "@aws-sdk/region-config-resolver": "3.821.0", "@aws-sdk/types": "3.821.0", "@aws-sdk/util-endpoints": "3.821.0", "@aws-sdk/util-user-agent-browser": "3.821.0", "@aws-sdk/util-user-agent-node": "3.826.0", "@smithy/config-resolver": "^4.1.4", "@smithy/core": "^3.5.3", "@smithy/fetch-http-handler": "^5.0.4", "@smithy/hash-node": "^4.0.4", "@smithy/invalid-dependency": "^4.0.4", "@smithy/md5-js": "^4.0.4", "@smithy/middleware-content-length": "^4.0.4", "@smithy/middleware-endpoint": "^4.1.11", "@smithy/middleware-retry": "^4.1.12", "@smithy/middleware-serde": "^4.0.8", "@smithy/middleware-stack": "^4.0.4", "@smithy/node-config-provider": "^4.1.3", "@smithy/node-http-handler": "^4.0.6", "@smithy/protocol-http": "^5.1.2", "@smithy/smithy-client": "^4.4.3", "@smithy/types": "^4.3.1", "@smithy/url-parser": "^4.0.4", "@smithy/util-base64": "^4.0.0", "@smithy/util-body-length-browser": "^4.0.0", "@smithy/util-body-length-node": "^4.0.0", "@smithy/util-defaults-mode-browser": "^4.0.19", "@smithy/util-defaults-mode-node": "^4.0.19", "@smithy/util-endpoints": "^3.0.6", "@smithy/util-middleware": "^4.0.4", "@smithy/util-retry": "^4.0.5", "@smithy/util-utf8": "^4.0.0", "tslib": "^2.6.2" } }, "sha512-lWE8qJejIQJw8QyEZxiSBBPobwVMk0rnxLyrlqJgZJipXpLZnqhT8hlcVPbTle2MdfUXGjQee7gw+EoWyKDOjw=="],

    "@aws-sdk/client-sso": ["@aws-sdk/client-sso@3.826.0", "", { "dependencies": { "@aws-crypto/sha256-browser": "5.2.0", "@aws-crypto/sha256-js": "5.2.0", "@aws-sdk/core": "3.826.0", "@aws-sdk/middleware-host-header": "3.821.0", "@aws-sdk/middleware-logger": "3.821.0", "@aws-sdk/middleware-recursion-detection": "3.821.0", "@aws-sdk/middleware-user-agent": "3.826.0", "@aws-sdk/region-config-resolver": "3.821.0", "@aws-sdk/types": "3.821.0", "@aws-sdk/util-endpoints": "3.821.0", "@aws-sdk/util-user-agent-browser": "3.821.0", "@aws-sdk/util-user-agent-node": "3.826.0", "@smithy/config-resolver": "^4.1.4", "@smithy/core": "^3.5.3", "@smithy/fetch-http-handler": "^5.0.4", "@smithy/hash-node": "^4.0.4", "@smithy/invalid-dependency": "^4.0.4", "@smithy/middleware-content-length": "^4.0.4", "@smithy/middleware-endpoint": "^4.1.11", "@smithy/middleware-retry": "^4.1.12", "@smithy/middleware-serde": "^4.0.8", "@smithy/middleware-stack": "^4.0.4", "@smithy/node-config-provider": "^4.1.3", "@smithy/node-http-handler": "^4.0.6", "@smithy/protocol-http": "^5.1.2", "@smithy/smithy-client": "^4.4.3", "@smithy/types": "^4.3.1", "@smithy/url-parser": "^4.0.4", "@smithy/util-base64": "^4.0.0", "@smithy/util-body-length-browser": "^4.0.0", "@smithy/util-body-length-node": "^4.0.0", "@smithy/util-defaults-mode-browser": "^4.0.19", "@smithy/util-defaults-mode-node": "^4.0.19", "@smithy/util-endpoints": "^3.0.6", "@smithy/util-middleware": "^4.0.4", "@smithy/util-retry": "^4.0.5", "@smithy/util-utf8": "^4.0.0", "tslib": "^2.6.2" } }, "sha512-/FEKnUC3xPkLL4RuRydwzx+y4b55HIX6qLPbGnyIs+sNmCUyc/62ijtV1Ml+b++YzEF6jWNBsJOxeyZdgrJ3Ig=="],

    "@aws-sdk/core": ["@aws-sdk/core@3.826.0", "", { "dependencies": { "@aws-sdk/types": "3.821.0", "@aws-sdk/xml-builder": "3.821.0", "@smithy/core": "^3.5.3", "@smithy/node-config-provider": "^4.1.3", "@smithy/property-provider": "^4.0.4", "@smithy/protocol-http": "^5.1.2", "@smithy/signature-v4": "^5.1.2", "@smithy/smithy-client": "^4.4.3", "@smithy/types": "^4.3.1", "@smithy/util-base64": "^4.0.0", "@smithy/util-body-length-browser": "^4.0.0", "@smithy/util-middleware": "^4.0.4", "@smithy/util-utf8": "^4.0.0", "fast-xml-parser": "4.4.1", "tslib": "^2.6.2" } }, "sha512-BGbQYzWj3ps+dblq33FY5tz/SsgJCcXX0zjQlSC07tYvU1jHTUvsefphyig+fY38xZ4wdKjbTop+KUmXUYrOXw=="],

    "@aws-sdk/credential-provider-env": ["@aws-sdk/credential-provider-env@3.826.0", "", { "dependencies": { "@aws-sdk/core": "3.826.0", "@aws-sdk/types": "3.821.0", "@smithy/property-provider": "^4.0.4", "@smithy/types": "^4.3.1", "tslib": "^2.6.2" } }, "sha512-DK3pQY8+iKK3MGDdC3uOZQ2psU01obaKlTYhEwNu4VWzgwQL4Vi3sWj4xSWGEK41vqZxiRLq6fOq7ysRI+qEZA=="],

    "@aws-sdk/credential-provider-http": ["@aws-sdk/credential-provider-http@3.826.0", "", { "dependencies": { "@aws-sdk/core": "3.826.0", "@aws-sdk/types": "3.821.0", "@smithy/fetch-http-handler": "^5.0.4", "@smithy/node-http-handler": "^4.0.6", "@smithy/property-provider": "^4.0.4", "@smithy/protocol-http": "^5.1.2", "@smithy/smithy-client": "^4.4.3", "@smithy/types": "^4.3.1", "@smithy/util-stream": "^4.2.2", "tslib": "^2.6.2" } }, "sha512-N+IVZBh+yx/9GbMZTKO/gErBi/FYZQtcFRItoLbY+6WU+0cSWyZYfkoeOxHmQV3iX9k65oljERIWUmL9x6OSQg=="],

    "@aws-sdk/credential-provider-ini": ["@aws-sdk/credential-provider-ini@3.826.0", "", { "dependencies": { "@aws-sdk/core": "3.826.0", "@aws-sdk/credential-provider-env": "3.826.0", "@aws-sdk/credential-provider-http": "3.826.0", "@aws-sdk/credential-provider-process": "3.826.0", "@aws-sdk/credential-provider-sso": "3.826.0", "@aws-sdk/credential-provider-web-identity": "3.826.0", "@aws-sdk/nested-clients": "3.826.0", "@aws-sdk/types": "3.821.0", "@smithy/credential-provider-imds": "^4.0.6", "@smithy/property-provider": "^4.0.4", "@smithy/shared-ini-file-loader": "^4.0.4", "@smithy/types": "^4.3.1", "tslib": "^2.6.2" } }, "sha512-g7n+qSklq/Lzjxe2Ke5QFNCgYn26a3ydZnbFIk8QqYin4pzG+qiunaqJjpV3c/EeHMlfK8bBc7MXAylKzGRccQ=="],

    "@aws-sdk/credential-provider-node": ["@aws-sdk/credential-provider-node@3.826.0", "", { "dependencies": { "@aws-sdk/credential-provider-env": "3.826.0", "@aws-sdk/credential-provider-http": "3.826.0", "@aws-sdk/credential-provider-ini": "3.826.0", "@aws-sdk/credential-provider-process": "3.826.0", "@aws-sdk/credential-provider-sso": "3.826.0", "@aws-sdk/credential-provider-web-identity": "3.826.0", "@aws-sdk/types": "3.821.0", "@smithy/credential-provider-imds": "^4.0.6", "@smithy/property-provider": "^4.0.4", "@smithy/shared-ini-file-loader": "^4.0.4", "@smithy/types": "^4.3.1", "tslib": "^2.6.2" } }, "sha512-UfIJXxHjmSxH6bea00HBPLkjNI2D04enQA/xNLZvB+4xtzt1/gYdCis1P4/73f5aGVVVB4/zQMobBbnjkrmbQw=="],

    "@aws-sdk/credential-provider-process": ["@aws-sdk/credential-provider-process@3.826.0", "", { "dependencies": { "@aws-sdk/core": "3.826.0", "@aws-sdk/types": "3.821.0", "@smithy/property-provider": "^4.0.4", "@smithy/shared-ini-file-loader": "^4.0.4", "@smithy/types": "^4.3.1", "tslib": "^2.6.2" } }, "sha512-kURrc4amu3NLtw1yZw7EoLNEVhmOMRUTs+chaNcmS+ERm3yK0nKjaJzmKahmwlTQTSl3wJ8jjK7x962VPo+zWw=="],

    "@aws-sdk/credential-provider-sso": ["@aws-sdk/credential-provider-sso@3.826.0", "", { "dependencies": { "@aws-sdk/client-sso": "3.826.0", "@aws-sdk/core": "3.826.0", "@aws-sdk/token-providers": "3.826.0", "@aws-sdk/types": "3.821.0", "@smithy/property-provider": "^4.0.4", "@smithy/shared-ini-file-loader": "^4.0.4", "@smithy/types": "^4.3.1", "tslib": "^2.6.2" } }, "sha512-F19J3zcfoom6OnQ0MyAtvduVKQXPgkz9i5ExSO01J2CzjbyMhCDA99qAjHYe+LwhW+W7P/jzBPd0+uOQ2Nhh9Q=="],

    "@aws-sdk/credential-provider-web-identity": ["@aws-sdk/credential-provider-web-identity@3.826.0", "", { "dependencies": { "@aws-sdk/core": "3.826.0", "@aws-sdk/nested-clients": "3.826.0", "@aws-sdk/types": "3.821.0", "@smithy/property-provider": "^4.0.4", "@smithy/types": "^4.3.1", "tslib": "^2.6.2" } }, "sha512-o27GZ6Hy7qhuvMFVUL2eFEpBzf33Jaa/x3u3SHwU0nL7ko7jmbpeF0x4+wmagpI9X2IvVlUxIs0VaQ3YayPLEA=="],

    "@aws-sdk/middleware-host-header": ["@aws-sdk/middleware-host-header@3.821.0", "", { "dependencies": { "@aws-sdk/types": "3.821.0", "@smithy/protocol-http": "^5.1.2", "@smithy/types": "^4.3.1", "tslib": "^2.6.2" } }, "sha512-xSMR+sopSeWGx5/4pAGhhfMvGBHioVBbqGvDs6pG64xfNwM5vq5s5v6D04e2i+uSTj4qGa71dLUs5I0UzAK3sw=="],

    "@aws-sdk/middleware-logger": ["@aws-sdk/middleware-logger@3.821.0", "", { "dependencies": { "@aws-sdk/types": "3.821.0", "@smithy/types": "^4.3.1", "tslib": "^2.6.2" } }, "sha512-0cvI0ipf2tGx7fXYEEN5fBeZDz2RnHyb9xftSgUsEq7NBxjV0yTZfLJw6Za5rjE6snC80dRN8+bTNR1tuG89zA=="],

    "@aws-sdk/middleware-recursion-detection": ["@aws-sdk/middleware-recursion-detection@3.821.0", "", { "dependencies": { "@aws-sdk/types": "3.821.0", "@smithy/protocol-http": "^5.1.2", "@smithy/types": "^4.3.1", "tslib": "^2.6.2" } }, "sha512-efmaifbhBoqKG3bAoEfDdcM8hn1psF+4qa7ykWuYmfmah59JBeqHLfz5W9m9JoTwoKPkFcVLWZxnyZzAnVBOIg=="],

    "@aws-sdk/middleware-sdk-sqs": ["@aws-sdk/middleware-sdk-sqs@3.826.0", "", { "dependencies": { "@aws-sdk/types": "3.821.0", "@smithy/smithy-client": "^4.4.3", "@smithy/types": "^4.3.1", "@smithy/util-hex-encoding": "^4.0.0", "@smithy/util-utf8": "^4.0.0", "tslib": "^2.6.2" } }, "sha512-NDnA7Fb6AT+AO1tvm9i5WFS+a+nIMtjYY6gYXPUu0GhT2FFkZfRvagOKoXVH+Vddo5iQRbNx4/1Zb1Z7vB42cA=="],

    "@aws-sdk/middleware-user-agent": ["@aws-sdk/middleware-user-agent@3.826.0", "", { "dependencies": { "@aws-sdk/core": "3.826.0", "@aws-sdk/types": "3.821.0", "@aws-sdk/util-endpoints": "3.821.0", "@smithy/core": "^3.5.3", "@smithy/protocol-http": "^5.1.2", "@smithy/types": "^4.3.1", "tslib": "^2.6.2" } }, "sha512-j404+EcfBbtTlAhyObjXbdKwwDXO1pCxHvR5Fw8FXNvp/H330j6YnXgs3SJ6d3bZUwUJ/ztPx2S5AlBbLVLDFw=="],

    "@aws-sdk/nested-clients": ["@aws-sdk/nested-clients@3.826.0", "", { "dependencies": { "@aws-crypto/sha256-browser": "5.2.0", "@aws-crypto/sha256-js": "5.2.0", "@aws-sdk/core": "3.826.0", "@aws-sdk/middleware-host-header": "3.821.0", "@aws-sdk/middleware-logger": "3.821.0", "@aws-sdk/middleware-recursion-detection": "3.821.0", "@aws-sdk/middleware-user-agent": "3.826.0", "@aws-sdk/region-config-resolver": "3.821.0", "@aws-sdk/types": "3.821.0", "@aws-sdk/util-endpoints": "3.821.0", "@aws-sdk/util-user-agent-browser": "3.821.0", "@aws-sdk/util-user-agent-node": "3.826.0", "@smithy/config-resolver": "^4.1.4", "@smithy/core": "^3.5.3", "@smithy/fetch-http-handler": "^5.0.4", "@smithy/hash-node": "^4.0.4", "@smithy/invalid-dependency": "^4.0.4", "@smithy/middleware-content-length": "^4.0.4", "@smithy/middleware-endpoint": "^4.1.11", "@smithy/middleware-retry": "^4.1.12", "@smithy/middleware-serde": "^4.0.8", "@smithy/middleware-stack": "^4.0.4", "@smithy/node-config-provider": "^4.1.3", "@smithy/node-http-handler": "^4.0.6", "@smithy/protocol-http": "^5.1.2", "@smithy/smithy-client": "^4.4.3", "@smithy/types": "^4.3.1", "@smithy/url-parser": "^4.0.4", "@smithy/util-base64": "^4.0.0", "@smithy/util-body-length-browser": "^4.0.0", "@smithy/util-body-length-node": "^4.0.0", "@smithy/util-defaults-mode-browser": "^4.0.19", "@smithy/util-defaults-mode-node": "^4.0.19", "@smithy/util-endpoints": "^3.0.6", "@smithy/util-middleware": "^4.0.4", "@smithy/util-retry": "^4.0.5", "@smithy/util-utf8": "^4.0.0", "tslib": "^2.6.2" } }, "sha512-p7olPq0uTtHqGuXI1GSc/gzKDvV55PMbLtnmupEDfnY9SoRu+QatbWQ6da9sI1lhOcNmRMgiNQBXFzaUFrG+SQ=="],

    "@aws-sdk/region-config-resolver": ["@aws-sdk/region-config-resolver@3.821.0", "", { "dependencies": { "@aws-sdk/types": "3.821.0", "@smithy/node-config-provider": "^4.1.3", "@smithy/types": "^4.3.1", "@smithy/util-config-provider": "^4.0.0", "@smithy/util-middleware": "^4.0.4", "tslib": "^2.6.2" } }, "sha512-t8og+lRCIIy5nlId0bScNpCkif8sc0LhmtaKsbm0ZPm3sCa/WhCbSZibjbZ28FNjVCV+p0D9RYZx0VDDbtWyjw=="],

    "@aws-sdk/token-providers": ["@aws-sdk/token-providers@3.826.0", "", { "dependencies": { "@aws-sdk/core": "3.826.0", "@aws-sdk/nested-clients": "3.826.0", "@aws-sdk/types": "3.821.0", "@smithy/property-provider": "^4.0.4", "@smithy/shared-ini-file-loader": "^4.0.4", "@smithy/types": "^4.3.1", "tslib": "^2.6.2" } }, "sha512-iCOcVAqGPSHtQL8ZBXifZMEcHyUl9wJ8HvLZ5l1ohA/3ZNP+dqEPGi7jfhR5jZKs+xyp2jxByFqfil9PjI9c5A=="],

    "@aws-sdk/types": ["@aws-sdk/types@3.821.0", "", { "dependencies": { "@smithy/types": "^4.3.1", "tslib": "^2.6.2" } }, "sha512-Znroqdai1a90TlxGaJ+FK1lwC0fHpo97Xjsp5UKGR5JODYm7f9+/fF17ebO1KdoBr/Rm0UIFiF5VmI8ts9F1eA=="],

    "@aws-sdk/util-endpoints": ["@aws-sdk/util-endpoints@3.821.0", "", { "dependencies": { "@aws-sdk/types": "3.821.0", "@smithy/types": "^4.3.1", "@smithy/util-endpoints": "^3.0.6", "tslib": "^2.6.2" } }, "sha512-Uknt/zUZnLE76zaAAPEayOeF5/4IZ2puTFXvcSCWHsi9m3tqbb9UozlnlVqvCZLCRWfQryZQoG2W4XSS3qgk5A=="],

    "@aws-sdk/util-locate-window": ["@aws-sdk/util-locate-window@3.804.0", "", { "dependencies": { "tslib": "^2.6.2" } }, "sha512-zVoRfpmBVPodYlnMjgVjfGoEZagyRF5IPn3Uo6ZvOZp24chnW/FRstH7ESDHDDRga4z3V+ElUQHKpFDXWyBW5A=="],

    "@aws-sdk/util-user-agent-browser": ["@aws-sdk/util-user-agent-browser@3.821.0", "", { "dependencies": { "@aws-sdk/types": "3.821.0", "@smithy/types": "^4.3.1", "bowser": "^2.11.0", "tslib": "^2.6.2" } }, "sha512-irWZHyM0Jr1xhC+38OuZ7JB6OXMLPZlj48thElpsO1ZSLRkLZx5+I7VV6k3sp2yZ7BYbKz/G2ojSv4wdm7XTLw=="],

    "@aws-sdk/util-user-agent-node": ["@aws-sdk/util-user-agent-node@3.826.0", "", { "dependencies": { "@aws-sdk/middleware-user-agent": "3.826.0", "@aws-sdk/types": "3.821.0", "@smithy/node-config-provider": "^4.1.3", "@smithy/types": "^4.3.1", "tslib": "^2.6.2" }, "peerDependencies": { "aws-crt": ">=1.0.0" }, "optionalPeers": ["aws-crt"] }, "sha512-wHw6bZQWIMcFF/8r03aY9Itp6JLBYY4absGGhCDK1dc3tPEfi8NVSdb05a/Oz+g4TVaDdxLo0OQ/OKMS1DFRHQ=="],

    "@aws-sdk/xml-builder": ["@aws-sdk/xml-builder@3.821.0", "", { "dependencies": { "@smithy/types": "^4.3.1", "tslib": "^2.6.2" } }, "sha512-DIIotRnefVL6DiaHtO6/21DhJ4JZnnIwdNbpwiAhdt/AVbttcE4yw925gsjur0OGv5BTYXQXU3YnANBYnZjuQA=="],

    "@smithy/abort-controller": ["@smithy/abort-controller@4.0.4", "", { "dependencies": { "@smithy/types": "^4.3.1", "tslib": "^2.6.2" } }, "sha512-gJnEjZMvigPDQWHrW3oPrFhQtkrgqBkyjj3pCIdF3A5M6vsZODG93KNlfJprv6bp4245bdT32fsHK4kkH3KYDA=="],

    "@smithy/config-resolver": ["@smithy/config-resolver@4.1.4", "", { "dependencies": { "@smithy/node-config-provider": "^4.1.3", "@smithy/types": "^4.3.1", "@smithy/util-config-provider": "^4.0.0", "@smithy/util-middleware": "^4.0.4", "tslib": "^2.6.2" } }, "sha512-prmU+rDddxHOH0oNcwemL+SwnzcG65sBF2yXRO7aeXIn/xTlq2pX7JLVbkBnVLowHLg4/OL4+jBmv9hVrVGS+w=="],

    "@smithy/core": ["@smithy/core@3.5.3", "", { "dependencies": { "@smithy/middleware-serde": "^4.0.8", "@smithy/protocol-http": "^5.1.2", "@smithy/types": "^4.3.1", "@smithy/util-base64": "^4.0.0", "@smithy/util-body-length-browser": "^4.0.0", "@smithy/util-middleware": "^4.0.4", "@smithy/util-stream": "^4.2.2", "@smithy/util-utf8": "^4.0.0", "tslib": "^2.6.2" } }, "sha512-xa5byV9fEguZNofCclv6v9ra0FYh5FATQW/da7FQUVTic94DfrN/NvmKZjrMyzbpqfot9ZjBaO8U1UeTbmSLuA=="],

    "@smithy/credential-provider-imds": ["@smithy/credential-provider-imds@4.0.6", "", { "dependencies": { "@smithy/node-config-provider": "^4.1.3", "@smithy/property-provider": "^4.0.4", "@smithy/types": "^4.3.1", "@smithy/url-parser": "^4.0.4", "tslib": "^2.6.2" } }, "sha512-hKMWcANhUiNbCJouYkZ9V3+/Qf9pteR1dnwgdyzR09R4ODEYx8BbUysHwRSyex4rZ9zapddZhLFTnT4ZijR4pw=="],

    "@smithy/fetch-http-handler": ["@smithy/fetch-http-handler@5.0.4", "", { "dependencies": { "@smithy/protocol-http": "^5.1.2", "@smithy/querystring-builder": "^4.0.4", "@smithy/types": "^4.3.1", "@smithy/util-base64": "^4.0.0", "tslib": "^2.6.2" } }, "sha512-AMtBR5pHppYMVD7z7G+OlHHAcgAN7v0kVKEpHuTO4Gb199Gowh0taYi9oDStFeUhetkeP55JLSVlTW1n9rFtUw=="],

    "@smithy/hash-node": ["@smithy/hash-node@4.0.4", "", { "dependencies": { "@smithy/types": "^4.3.1", "@smithy/util-buffer-from": "^4.0.0", "@smithy/util-utf8": "^4.0.0", "tslib": "^2.6.2" } }, "sha512-qnbTPUhCVnCgBp4z4BUJUhOEkVwxiEi1cyFM+Zj6o+aY8OFGxUQleKWq8ltgp3dujuhXojIvJWdoqpm6dVO3lQ=="],

    "@smithy/invalid-dependency": ["@smithy/invalid-dependency@4.0.4", "", { "dependencies": { "@smithy/types": "^4.3.1", "tslib": "^2.6.2" } }, "sha512-bNYMi7WKTJHu0gn26wg8OscncTt1t2b8KcsZxvOv56XA6cyXtOAAAaNP7+m45xfppXfOatXF3Sb1MNsLUgVLTw=="],

    "@smithy/is-array-buffer": ["@smithy/is-array-buffer@4.0.0", "", { "dependencies": { "tslib": "^2.6.2" } }, "sha512-saYhF8ZZNoJDTvJBEWgeBccCg+yvp1CX+ed12yORU3NilJScfc6gfch2oVb4QgxZrGUx3/ZJlb+c/dJbyupxlw=="],

    "@smithy/md5-js": ["@smithy/md5-js@4.0.4", "", { "dependencies": { "@smithy/types": "^4.3.1", "@smithy/util-utf8": "^4.0.0", "tslib": "^2.6.2" } }, "sha512-uGLBVqcOwrLvGh/v/jw423yWHq/ofUGK1W31M2TNspLQbUV1Va0F5kTxtirkoHawODAZcjXTSGi7JwbnPcDPJg=="],

    "@smithy/middleware-content-length": ["@smithy/middleware-content-length@4.0.4", "", { "dependencies": { "@smithy/protocol-http": "^5.1.2", "@smithy/types": "^4.3.1", "tslib": "^2.6.2" } }, "sha512-F7gDyfI2BB1Kc+4M6rpuOLne5LOcEknH1n6UQB69qv+HucXBR1rkzXBnQTB2q46sFy1PM/zuSJOB532yc8bg3w=="],

    "@smithy/middleware-endpoint": ["@smithy/middleware-endpoint@4.1.11", "", { "dependencies": { "@smithy/core": "^3.5.3", "@smithy/middleware-serde": "^4.0.8", "@smithy/node-config-provider": "^4.1.3", "@smithy/shared-ini-file-loader": "^4.0.4", "@smithy/types": "^4.3.1", "@smithy/url-parser": "^4.0.4", "@smithy/util-middleware": "^4.0.4", "tslib": "^2.6.2" } }, "sha512-zDogwtRLzKl58lVS8wPcARevFZNBOOqnmzWWxVe9XiaXU2CADFjvJ9XfNibgkOWs08sxLuSr81NrpY4mgp9OwQ=="],

    "@smithy/middleware-retry": ["@smithy/middleware-retry@4.1.12", "", { "dependencies": { "@smithy/node-config-provider": "^4.1.3", "@smithy/protocol-http": "^5.1.2", "@smithy/service-error-classification": "^4.0.5", "@smithy/smithy-client": "^4.4.3", "@smithy/types": "^4.3.1", "@smithy/util-middleware": "^4.0.4", "@smithy/util-retry": "^4.0.5", "tslib": "^2.6.2", "uuid": "^9.0.1" } }, "sha512-wvIH70c4e91NtRxdaLZF+mbLZ/HcC6yg7ySKUiufL6ESp6zJUSnJucZ309AvG9nqCFHSRB5I6T3Ez1Q9wCh0Ww=="],

    "@smithy/middleware-serde": ["@smithy/middleware-serde@4.0.8", "", { "dependencies": { "@smithy/protocol-http": "^5.1.2", "@smithy/types": "^4.3.1", "tslib": "^2.6.2" } }, "sha512-iSSl7HJoJaGyMIoNn2B7czghOVwJ9nD7TMvLhMWeSB5vt0TnEYyRRqPJu/TqW76WScaNvYYB8nRoiBHR9S1Ddw=="],

    "@smithy/middleware-stack": ["@smithy/middleware-stack@4.0.4", "", { "dependencies": { "@smithy/types": "^4.3.1", "tslib": "^2.6.2" } }, "sha512-kagK5ggDrBUCCzI93ft6DjteNSfY8Ulr83UtySog/h09lTIOAJ/xUSObutanlPT0nhoHAkpmW9V5K8oPyLh+QA=="],

    "@smithy/node-config-provider": ["@smithy/node-config-provider@4.1.3", "", { "dependencies": { "@smithy/property-provider": "^4.0.4", "@smithy/shared-ini-file-loader": "^4.0.4", "@smithy/types": "^4.3.1", "tslib": "^2.6.2" } }, "sha512-HGHQr2s59qaU1lrVH6MbLlmOBxadtzTsoO4c+bF5asdgVik3I8o7JIOzoeqWc5MjVa+vD36/LWE0iXKpNqooRw=="],

    "@smithy/node-http-handler": ["@smithy/node-http-handler@4.0.6", "", { "dependencies": { "@smithy/abort-controller": "^4.0.4", "@smithy/protocol-http": "^5.1.2", "@smithy/querystring-builder": "^4.0.4", "@smithy/types": "^4.3.1", "tslib": "^2.6.2" } }, "sha512-NqbmSz7AW2rvw4kXhKGrYTiJVDHnMsFnX4i+/FzcZAfbOBauPYs2ekuECkSbtqaxETLLTu9Rl/ex6+I2BKErPA=="],

    "@smithy/property-provider": ["@smithy/property-provider@4.0.4", "", { "dependencies": { "@smithy/types": "^4.3.1", "tslib": "^2.6.2" } }, "sha512-qHJ2sSgu4FqF4U/5UUp4DhXNmdTrgmoAai6oQiM+c5RZ/sbDwJ12qxB1M6FnP+Tn/ggkPZf9ccn4jqKSINaquw=="],

    "@smithy/protocol-http": ["@smithy/protocol-http@5.1.2", "", { "dependencies": { "@smithy/types": "^4.3.1", "tslib": "^2.6.2" } }, "sha512-rOG5cNLBXovxIrICSBm95dLqzfvxjEmuZx4KK3hWwPFHGdW3lxY0fZNXfv2zebfRO7sJZ5pKJYHScsqopeIWtQ=="],

    "@smithy/querystring-builder": ["@smithy/querystring-builder@4.0.4", "", { "dependencies": { "@smithy/types": "^4.3.1", "@smithy/util-uri-escape": "^4.0.0", "tslib": "^2.6.2" } }, "sha512-SwREZcDnEYoh9tLNgMbpop+UTGq44Hl9tdj3rf+yeLcfH7+J8OXEBaMc2kDxtyRHu8BhSg9ADEx0gFHvpJgU8w=="],

    "@smithy/querystring-parser": ["@smithy/querystring-parser@4.0.4", "", { "dependencies": { "@smithy/types": "^4.3.1", "tslib": "^2.6.2" } }, "sha512-6yZf53i/qB8gRHH/l2ZwUG5xgkPgQF15/KxH0DdXMDHjesA9MeZje/853ifkSY0x4m5S+dfDZ+c4x439PF0M2w=="],

    "@smithy/service-error-classification": ["@smithy/service-error-classification@4.0.5", "", { "dependencies": { "@smithy/types": "^4.3.1" } }, "sha512-LvcfhrnCBvCmTee81pRlh1F39yTS/+kYleVeLCwNtkY8wtGg8V/ca9rbZZvYIl8OjlMtL6KIjaiL/lgVqHD2nA=="],

    "@smithy/shared-ini-file-loader": ["@smithy/shared-ini-file-loader@4.0.4", "", { "dependencies": { "@smithy/types": "^4.3.1", "tslib": "^2.6.2" } }, "sha512-63X0260LoFBjrHifPDs+nM9tV0VMkOTl4JRMYNuKh/f5PauSjowTfvF3LogfkWdcPoxsA9UjqEOgjeYIbhb7Nw=="],

    "@smithy/signature-v4": ["@smithy/signature-v4@5.1.2", "", { "dependencies": { "@smithy/is-array-buffer": "^4.0.0", "@smithy/protocol-http": "^5.1.2", "@smithy/types": "^4.3.1", "@smithy/util-hex-encoding": "^4.0.0", "@smithy/util-middleware": "^4.0.4", "@smithy/util-uri-escape": "^4.0.0", "@smithy/util-utf8": "^4.0.0", "tslib": "^2.6.2" } }, "sha512-d3+U/VpX7a60seHziWnVZOHuEgJlclufjkS6zhXvxcJgkJq4UWdH5eOBLzHRMx6gXjsdT9h6lfpmLzbrdupHgQ=="],

    "@smithy/smithy-client": ["@smithy/smithy-client@4.4.3", "", { "dependencies": { "@smithy/core": "^3.5.3", "@smithy/middleware-endpoint": "^4.1.11", "@smithy/middleware-stack": "^4.0.4", "@smithy/protocol-http": "^5.1.2", "@smithy/types": "^4.3.1", "@smithy/util-stream": "^4.2.2", "tslib": "^2.6.2" } }, "sha512-xxzNYgA0HD6ETCe5QJubsxP0hQH3QK3kbpJz3QrosBCuIWyEXLR/CO5hFb2OeawEKUxMNhz3a1nuJNN2np2RMA=="],

    "@smithy/types": ["@smithy/types@4.3.1", "", { "dependencies": { "tslib": "^2.6.2" } }, "sha512-UqKOQBL2x6+HWl3P+3QqFD4ncKq0I8Nuz9QItGv5WuKuMHuuwlhvqcZCoXGfc+P1QmfJE7VieykoYYmrOoFJxA=="],

    "@smithy/url-parser": ["@smithy/url-parser@4.0.4", "", { "dependencies": { "@smithy/querystring-parser": "^4.0.4", "@smithy/types": "^4.3.1", "tslib": "^2.6.2" } }, "sha512-eMkc144MuN7B0TDA4U2fKs+BqczVbk3W+qIvcoCY6D1JY3hnAdCuhCZODC+GAeaxj0p6Jroz4+XMUn3PCxQQeQ=="],

    "@smithy/util-base64": ["@smithy/util-base64@4.0.0", "", { "dependencies": { "@smithy/util-buffer-from": "^4.0.0", "@smithy/util-utf8": "^4.0.0", "tslib": "^2.6.2" } }, "sha512-CvHfCmO2mchox9kjrtzoHkWHxjHZzaFojLc8quxXY7WAAMAg43nuxwv95tATVgQFNDwd4M9S1qFzj40Ul41Kmg=="],

    "@smithy/util-body-length-browser": ["@smithy/util-body-length-browser@4.0.0", "", { "dependencies": { "tslib": "^2.6.2" } }, "sha512-sNi3DL0/k64/LO3A256M+m3CDdG6V7WKWHdAiBBMUN8S3hK3aMPhwnPik2A/a2ONN+9doY9UxaLfgqsIRg69QA=="],

    "@smithy/util-body-length-node": ["@smithy/util-body-length-node@4.0.0", "", { "dependencies": { "tslib": "^2.6.2" } }, "sha512-q0iDP3VsZzqJyje8xJWEJCNIu3lktUGVoSy1KB0UWym2CL1siV3artm+u1DFYTLejpsrdGyCSWBdGNjJzfDPjg=="],

    "@smithy/util-buffer-from": ["@smithy/util-buffer-from@4.0.0", "", { "dependencies": { "@smithy/is-array-buffer": "^4.0.0", "tslib": "^2.6.2" } }, "sha512-9TOQ7781sZvddgO8nxueKi3+yGvkY35kotA0Y6BWRajAv8jjmigQ1sBwz0UX47pQMYXJPahSKEKYFgt+rXdcug=="],

    "@smithy/util-config-provider": ["@smithy/util-config-provider@4.0.0", "", { "dependencies": { "tslib": "^2.6.2" } }, "sha512-L1RBVzLyfE8OXH+1hsJ8p+acNUSirQnWQ6/EgpchV88G6zGBTDPdXiiExei6Z1wR2RxYvxY/XLw6AMNCCt8H3w=="],

    "@smithy/util-defaults-mode-browser": ["@smithy/util-defaults-mode-browser@4.0.19", "", { "dependencies": { "@smithy/property-provider": "^4.0.4", "@smithy/smithy-client": "^4.4.3", "@smithy/types": "^4.3.1", "bowser": "^2.11.0", "tslib": "^2.6.2" } }, "sha512-mvLMh87xSmQrV5XqnUYEPoiFFeEGYeAKIDDKdhE2ahqitm8OHM3aSvhqL6rrK6wm1brIk90JhxDf5lf2hbrLbQ=="],

    "@smithy/util-defaults-mode-node": ["@smithy/util-defaults-mode-node@4.0.19", "", { "dependencies": { "@smithy/config-resolver": "^4.1.4", "@smithy/credential-provider-imds": "^4.0.6", "@smithy/node-config-provider": "^4.1.3", "@smithy/property-provider": "^4.0.4", "@smithy/smithy-client": "^4.4.3", "@smithy/types": "^4.3.1", "tslib": "^2.6.2" } }, "sha512-8tYnx+LUfj6m+zkUUIrIQJxPM1xVxfRBvoGHua7R/i6qAxOMjqR6CpEpDwKoIs1o0+hOjGvkKE23CafKL0vJ9w=="],

    "@smithy/util-endpoints": ["@smithy/util-endpoints@3.0.6", "", { "dependencies": { "@smithy/node-config-provider": "^4.1.3", "@smithy/types": "^4.3.1", "tslib": "^2.6.2" } }, "sha512-YARl3tFL3WgPuLzljRUnrS2ngLiUtkwhQtj8PAL13XZSyUiNLQxwG3fBBq3QXFqGFUXepIN73pINp3y8c2nBmA=="],

    "@smithy/util-hex-encoding": ["@smithy/util-hex-encoding@4.0.0", "", { "dependencies": { "tslib": "^2.6.2" } }, "sha512-Yk5mLhHtfIgW2W2WQZWSg5kuMZCVbvhFmC7rV4IO2QqnZdbEFPmQnCcGMAX2z/8Qj3B9hYYNjZOhWym+RwhePw=="],

    "@smithy/util-middleware": ["@smithy/util-middleware@4.0.4", "", { "dependencies": { "@smithy/types": "^4.3.1", "tslib": "^2.6.2" } }, "sha512-9MLKmkBmf4PRb0ONJikCbCwORACcil6gUWojwARCClT7RmLzF04hUR4WdRprIXal7XVyrddadYNfp2eF3nrvtQ=="],

    "@smithy/util-retry": ["@smithy/util-retry@4.0.5", "", { "dependencies": { "@smithy/service-error-classification": "^4.0.5", "@smithy/types": "^4.3.1", "tslib": "^2.6.2" } }, "sha512-V7MSjVDTlEt/plmOFBn1762Dyu5uqMrV2Pl2X0dYk4XvWfdWJNe9Bs5Bzb56wkCuiWjSfClVMGcsuKrGj7S/yg=="],

    "@smithy/util-stream": ["@smithy/util-stream@4.2.2", "", { "dependencies": { "@smithy/fetch-http-handler": "^5.0.4", "@smithy/node-http-handler": "^4.0.6", "@smithy/types": "^4.3.1", "@smithy/util-base64": "^4.0.0", "@smithy/util-buffer-from": "^4.0.0", "@smithy/util-hex-encoding": "^4.0.0", "@smithy/util-utf8": "^4.0.0", "tslib": "^2.6.2" } }, "sha512-aI+GLi7MJoVxg24/3J1ipwLoYzgkB4kUfogZfnslcYlynj3xsQ0e7vk4TnTro9hhsS5PvX1mwmkRqqHQjwcU7w=="],

    "@smithy/util-uri-escape": ["@smithy/util-uri-escape@4.0.0", "", { "dependencies": { "tslib": "^2.6.2" } }, "sha512-77yfbCbQMtgtTylO9itEAdpPXSog3ZxMe09AEhm0dU0NLTalV70ghDZFR+Nfi1C60jnJoh/Re4090/DuZh2Omg=="],

    "@smithy/util-utf8": ["@smithy/util-utf8@4.0.0", "", { "dependencies": { "@smithy/util-buffer-from": "^4.0.0", "tslib": "^2.6.2" } }, "sha512-b+zebfKCfRdgNJDknHCob3O7FpeYQN6ZG6YLExMcasDHsCXlsXCEuiPZeLnJLpwa5dvPetGlnGCiMHuLwGvFow=="],

    "@smithy/util-waiter": ["@smithy/util-waiter@4.0.5", "", { "dependencies": { "@smithy/abort-controller": "^4.0.4", "@smithy/types": "^4.3.1", "tslib": "^2.6.2" } }, "sha512-4QvC49HTteI1gfemu0I1syWovJgPvGn7CVUoN9ZFkdvr/cCFkrEL7qNCdx/2eICqDWEGnnr68oMdSIPCLAriSQ=="],

    "@types/aws-lambda": ["@types/aws-lambda@8.10.149", "", {}, "sha512-NXSZIhfJjnXqJgtS7IwutqIF/SOy1Wz5Px4gUY1RWITp3AYTyuJS4xaXr/bIJY1v15XMzrJ5soGnPM+7uigZjA=="],

    "@types/bun": ["@types/bun@1.2.15", "", { "dependencies": { "bun-types": "1.2.15" } }, "sha512-U1ljPdBEphF0nw1MIk0hI7kPg7dFdPyM7EenHsp6W5loNHl7zqy6JQf/RKCgnUn2KDzUpkBwHPnEJEjII594bA=="],

    "@types/node": ["@types/node@22.15.30", "", { "dependencies": { "undici-types": "~6.21.0" } }, "sha512-6Q7lr06bEHdlfplU6YRbgG1SFBdlsfNC4/lX+SkhiTs0cpJkOElmWls8PxDFv4yY/xKb8Y6SO0OmSX4wgqTZbA=="],

    "bowser": ["bowser@2.11.0", "", {}, "sha512-AlcaJBi/pqqJBIQ8U9Mcpc9i8Aqxn88Skv5d+xBX006BY5u8N3mGLHa5Lgppa7L/HfwgwLgZ6NYs+Ag6uUmJRA=="],

    "bun-types": ["bun-types@1.2.15", "", { "dependencies": { "@types/node": "*" } }, "sha512-NarRIaS+iOaQU1JPfyKhZm4AsUOrwUOqRNHY0XxI8GI8jYxiLXLcdjYMG9UKS+fwWasc1uw1htV9AX24dD+p4w=="],

    "fast-xml-parser": ["fast-xml-parser@4.4.1", "", { "dependencies": { "strnum": "^1.0.5" }, "bin": { "fxparser": "src/cli/cli.js" } }, "sha512-xkjOecfnKGkSsOwtZ5Pz7Us/T6mrbPQrq0nh+aCO5V9nk5NLWmasAHumTKjiPJPWANe+kAZ84Jc8ooJkzZ88Sw=="],

    "prettier": ["prettier@3.5.3", "", { "bin": { "prettier": "bin/prettier.cjs" } }, "sha512-QQtaxnoDJeAkDvDKWCLiwIXkTgRhwYDEQCghU9Z6q03iyek/rxRh/2lC3HB7P8sWT2xC/y5JDctPLBIGzHKbhw=="],

    "strnum": ["strnum@1.1.2", "", {}, "sha512-vrN+B7DBIoTTZjnPNewwhx6cBA/H+IS7rfW68n7XxC1y7uoiGQBxaKzqucGUgavX15dJgiGztLJ8vxuEzwqBdA=="],

    "tslib": ["tslib@2.8.1", "", {}, "sha512-oJFu94HQb+KVduSUQL7wnpmqnfmLsOA/nAh6b6EH0wCEoK0/mPeXU6c3wKDV83MkOuHPRHtSXKKU99IBazS/2w=="],

    "typescript": ["typescript@5.8.3", "", { "bin": { "tsc": "bin/tsc", "tsserver": "bin/tsserver" } }, "sha512-p1diW6TqL9L07nNxvRMM7hMMw4c5XOo/1ibL4aAIGmSAt9slTE1Xgw5KWuof2uTOvCg9BY7ZRi+GaF+7sfgPeQ=="],

    "undici-types": ["undici-types@6.21.0", "", {}, "sha512-iwDZqg0QAGrg9Rav5H4n0M64c3mkR59cJ6wQp+7C4nI0gsmExaedaYLNO44eT4AtBBwjbTiGPMlt2Md0T9H9JQ=="],

    "uuid": ["uuid@9.0.1", "", { "bin": { "uuid": "dist/bin/uuid" } }, "sha512-b+1eJOlsR9K8HJpow9Ok3fiWOWSIcIzXodvv0rQjVoOVNpWMpxf1wZNpt4y9h10odCNrqnYp1OBzRktckBe3sA=="],

    "@aws-crypto/sha256-browser/@smithy/util-utf8": ["@smithy/util-utf8@2.3.0", "", { "dependencies": { "@smithy/util-buffer-from": "^2.2.0", "tslib": "^2.6.2" } }, "sha512-R8Rdn8Hy72KKcebgLiv8jQcQkXoLMOGGv5uI1/k0l+snqkOzQ1R0ChUBCxWMlBsFMekWjq0wRudIweFs7sKT5A=="],

    "@aws-crypto/util/@smithy/util-utf8": ["@smithy/util-utf8@2.3.0", "", { "dependencies": { "@smithy/util-buffer-from": "^2.2.0", "tslib": "^2.6.2" } }, "sha512-R8Rdn8Hy72KKcebgLiv8jQcQkXoLMOGGv5uI1/k0l+snqkOzQ1R0ChUBCxWMlBsFMekWjq0wRudIweFs7sKT5A=="],

    "@aws-crypto/sha256-browser/@smithy/util-utf8/@smithy/util-buffer-from": ["@smithy/util-buffer-from@2.2.0", "", { "dependencies": { "@smithy/is-array-buffer": "^2.2.0", "tslib": "^2.6.2" } }, "sha512-IJdWBbTcMQ6DA0gdNhh/BwrLkDR+ADW5Kr1aZmd4k3DIF6ezMV4R2NIAmT08wQJ3yUK82thHWmC/TnK/wpMMIA=="],

    "@aws-crypto/util/@smithy/util-utf8/@smithy/util-buffer-from": ["@smithy/util-buffer-from@2.2.0", "", { "dependencies": { "@smithy/is-array-buffer": "^2.2.0", "tslib": "^2.6.2" } }, "sha512-IJdWBbTcMQ6DA0gdNhh/BwrLkDR+ADW5Kr1aZmd4k3DIF6ezMV4R2NIAmT08wQJ3yUK82thHWmC/TnK/wpMMIA=="],

    "@aws-crypto/sha256-browser/@smithy/util-utf8/@smithy/util-buffer-from/@smithy/is-array-buffer": ["@smithy/is-array-buffer@2.2.0", "", { "dependencies": { "tslib": "^2.6.2" } }, "sha512-GGP3O9QFD24uGeAXYUjwSTXARoqpZykHadOmA8G5vfJPK0/DC67qa//0qvqrJzL1xc8WQWX7/yc7fwudjPHPhA=="],

    "@aws-crypto/util/@smithy/util-utf8/@smithy/util-buffer-from/@smithy/is-array-buffer": ["@smithy/is-array-buffer@2.2.0", "", { "dependencies": { "tslib": "^2.6.2" } }, "sha512-GGP3O9QFD24uGeAXYUjwSTXARoqpZykHadOmA8G5vfJPK0/DC67qa//0qvqrJzL1xc8WQWX7/yc7fwudjPHPhA=="],
  }
}
